
Microsoft Visual Studio Solution File, Format Version 12.00
# Visual Studio Version 17
VisualStudioVersion = 17.2.32630.192
MinimumVisualStudioVersion = 10.0.40219.1
Project("{9A19103F-16F7-4668-BE54-9A1E7A4F7556}") = "API.DepotEice.BLL", "API.DepotEice.BLL\API.DepotEice.BLL.csproj", "{686840C2-F042-4634-87DA-737E1E378142}"
EndProject
Project("{9A19103F-16F7-4668-BE54-9A1E7A4F7556}") = "API.DepotEice.DAL", "API.DepotEice.DAL\API.DepotEice.DAL.csproj", "{386E9F30-A5E1-41D3-8EBA-A6EC642EFE11}"
EndProject
Project("{9A19103F-16F7-4668-BE54-9A1E7A4F7556}") = "API.DepotEice.Test", "API.DepotEice.Test\API.DepotEice.Test.csproj", "{8E454C33-94E7-42A7-879C-0C8C36835F97}"
EndProject
Project("{9A19103F-16F7-4668-BE54-9A1E7A4F7556}") = "API.DepotEice.UIL", "API.DepotEice.UIL\API.DepotEice.UIL.csproj", "{0DC3EB5F-F85C-4EC5-BF07-0D51957C5A23}"
EndProject
Project("{FAE04EC0-301F-11D3-BF4B-00C04F79EFBC}") = "API.DepotEice.Helpers", "API.DepotEice.Helpers\API.DepotEice.Helpers.csproj", "{45E2ADDD-0F92-45F2-B785-A31C9FE2DDFB}"
EndProject
Global
	GlobalSection(SolutionConfigurationPlatforms) = preSolution
		Debug|Any CPU = Debug|Any CPU
		Release|Any CPU = Release|Any CPU
	EndGlobalSection
	GlobalSection(ProjectConfigurationPlatforms) = postSolution
		{686840C2-F042-4634-87DA-737E1E378142}.Debug|Any CPU.ActiveCfg = Debug|Any CPU
		{686840C2-F042-4634-87DA-737E1E378142}.Debug|Any CPU.Build.0 = Debug|Any CPU
		{686840C2-F042-4634-87DA-737E1E378142}.Release|Any CPU.ActiveCfg = Release|Any CPU
		{686840C2-F042-4634-87DA-737E1E378142}.Release|Any CPU.Build.0 = Release|Any CPU
		{386E9F30-A5E1-41D3-8EBA-A6EC642EFE11}.Debug|Any CPU.ActiveCfg = Debug|Any CPU
		{386E9F30-A5E1-41D3-8EBA-A6EC642EFE11}.Debug|Any CPU.Build.0 = Debug|Any CPU
		{386E9F30-A5E1-41D3-8EBA-A6EC642EFE11}.Release|Any CPU.ActiveCfg = Release|Any CPU
		{386E9F30-A5E1-41D3-8EBA-A6EC642EFE11}.Release|Any CPU.Build.0 = Release|Any CPU
		{8E454C33-94E7-42A7-879C-0C8C36835F97}.Debug|Any CPU.ActiveCfg = Debug|Any CPU
		{8E454C33-94E7-42A7-879C-0C8C36835F97}.Debug|Any CPU.Build.0 = Debug|Any CPU
		{8E454C33-94E7-42A7-879C-0C8C36835F97}.Release|Any CPU.ActiveCfg = Release|Any CPU
		{8E454C33-94E7-42A7-879C-0C8C36835F97}.Release|Any CPU.Build.0 = Release|Any CPU
		{0DC3EB5F-F85C-4EC5-BF07-0D51957C5A23}.Debug|Any CPU.ActiveCfg = Debug|Any CPU
		{0DC3EB5F-F85C-4EC5-BF07-0D51957C5A23}.Debug|Any CPU.Build.0 = Debug|Any CPU
		{0DC3EB5F-F85C-4EC5-BF07-0D51957C5A23}.Release|Any CPU.ActiveCfg = Release|Any CPU
		{0DC3EB5F-F85C-4EC5-BF07-0D51957C5A23}.Release|Any CPU.Build.0 = Release|Any CPU
		{45E2ADDD-0F92-45F2-B785-A31C9FE2DDFB}.Debug|Any CPU.ActiveCfg = Debug|Any CPU
		{45E2ADDD-0F92-45F2-B785-A31C9FE2DDFB}.Debug|Any CPU.Build.0 = Debug|Any CPU
		{45E2ADDD-0F92-45F2-B785-A31C9FE2DDFB}.Release|Any CPU.ActiveCfg = Release|Any CPU
		{45E2ADDD-0F92-45F2-B785-A31C9FE2DDFB}.Release|Any CPU.Build.0 = Release|Any CPU
	EndGlobalSection
	GlobalSection(SolutionProperties) = preSolution
		HideSolutionNode = FALSE
	EndGlobalSection
	GlobalSection(ExtensibilityGlobals) = postSolution
		SolutionGuid = {E68DD534-5DE6-4564-87F1-6465CA966A08}
	EndGlobalSection
EndGlobal
